
Microsoft Visual Studio Solution File, Format Version 12.00
# Visual Studio Version 17
VisualStudioVersion = 17.0.31903.59
MinimumVisualStudioVersion = 10.0.40219.1
Project("{FAE04EC0-301F-11D3-BF4B-00C04F79EFBC}") = "API", "API\API.csproj", "{C13711E8-C5B5-46A5-AEC7-C6512781C7F6}"
EndProject
Project("{FAE04EC0-301F-11D3-BF4B-00C04F79EFBC}") = "Core", "Core\Core.csproj", "{4A4176C8-61E1-434F-96F1-959ADE1DA7C4}"
EndProject
Project("{FAE04EC0-301F-11D3-BF4B-00C04F79EFBC}") = "Infrastructure", "Infrastructure\Infrastructure.csproj", "{90F14078-FE5A-4A1C-822C-1AEA8C45FF20}"
EndProject
Global
	GlobalSection(SolutionConfigurationPlatforms) = preSolution
		Debug|Any CPU = Debug|Any CPU
		Release|Any CPU = Release|Any CPU
	EndGlobalSection
	GlobalSection(SolutionProperties) = preSolution
		HideSolutionNode = FALSE
	EndGlobalSection
	GlobalSection(ProjectConfigurationPlatforms) = postSolution
		{C13711E8-C5B5-46A5-AEC7-C6512781C7F6}.Debug|Any CPU.ActiveCfg = Debug|Any CPU
		{C13711E8-C5B5-46A5-AEC7-C6512781C7F6}.Debug|Any CPU.Build.0 = Debug|Any CPU
		{C13711E8-C5B5-46A5-AEC7-C6512781C7F6}.Release|Any CPU.ActiveCfg = Release|Any CPU
		{C13711E8-C5B5-46A5-AEC7-C6512781C7F6}.Release|Any CPU.Build.0 = Release|Any CPU
		{4A4176C8-61E1-434F-96F1-959ADE1DA7C4}.Debug|Any CPU.ActiveCfg = Debug|Any CPU
		{4A4176C8-61E1-434F-96F1-959ADE1DA7C4}.Debug|Any CPU.Build.0 = Debug|Any CPU
		{4A4176C8-61E1-434F-96F1-959ADE1DA7C4}.Release|Any CPU.ActiveCfg = Release|Any CPU
		{4A4176C8-61E1-434F-96F1-959ADE1DA7C4}.Release|Any CPU.Build.0 = Release|Any CPU
		{90F14078-FE5A-4A1C-822C-1AEA8C45FF20}.Debug|Any CPU.ActiveCfg = Debug|Any CPU
		{90F14078-FE5A-4A1C-822C-1AEA8C45FF20}.Debug|Any CPU.Build.0 = Debug|Any CPU
		{90F14078-FE5A-4A1C-822C-1AEA8C45FF20}.Release|Any CPU.ActiveCfg = Release|Any CPU
		{90F14078-FE5A-4A1C-822C-1AEA8C45FF20}.Release|Any CPU.Build.0 = Release|Any CPU
	EndGlobalSection
EndGlobal
